// !$*UTF8*$!
{
	archiveVersion = 1;
	classes = {
	};
	objectVersion = 56;
	objects = {

/* Begin PBXBuildFile section */
		6911CF4529B98BFD0025D3A3 /* Nuke in Frameworks */ = {isa = PBXBuildFile; productRef = 6911CF4429B98BFD0025D3A3 /* Nuke */; };
		69FBAFEE29B97BE6004FFE4F /* AppDelegate.swift in Sources */ = {isa = PBXBuildFile; fileRef = 69FBAFED29B97BE6004FFE4F /* AppDelegate.swift */; };
		69FBAFF029B97BE6004FFE4F /* SceneDelegate.swift in Sources */ = {isa = PBXBuildFile; fileRef = 69FBAFEF29B97BE6004FFE4F /* SceneDelegate.swift */; };
		69FBAFF229B97BE6004FFE4F /* ViewController.swift in Sources */ = {isa = PBXBuildFile; fileRef = 69FBAFF129B97BE6004FFE4F /* ViewController.swift */; };
		69FBAFF529B97BE6004FFE4F /* Main.storyboard in Resources */ = {isa = PBXBuildFile; fileRef = 69FBAFF329B97BE6004FFE4F /* Main.storyboard */; };
		69FBAFF729B97BE8004FFE4F /* Assets.xcassets in Resources */ = {isa = PBXBuildFile; fileRef = 69FBAFF629B97BE8004FFE4F /* Assets.xcassets */; };
		69FBAFFA29B97BE9004FFE4F /* LaunchScreen.storyboard in Resources */ = {isa = PBXBuildFile; fileRef = 69FBAFF829B97BE8004FFE4F /* LaunchScreen.storyboard */; };
		69FBB00529B9805C004FFE4F /* Movie.swift in Sources */ = {isa = PBXBuildFile; fileRef = 69FBB00429B9805C004FFE4F /* Movie.swift */; };
		69FBB00729B980DD004FFE4F /* TracksViewController.swift in Sources */ = {isa = PBXBuildFile; fileRef = 69FBB00629B980DD004FFE4F /* TracksViewController.swift */; };
		69FBB00929B9813F004FFE4F /* MovieCell.swift in Sources */ = {isa = PBXBuildFile; fileRef = 69FBB00829B9813F004FFE4F /* MovieCell.swift */; };
		69FBB00B29B98209004FFE4F /* DetailViewController.swift in Sources */ = {isa = PBXBuildFile; fileRef = 69FBB00A29B98209004FFE4F /* DetailViewController.swift */; };
/* End PBXBuildFile section */

/* Begin PBXFileReference section */
		69FBAFEA29B97BE6004FFE4F /* Flixster1.app */ = {isa = PBXFileReference; explicitFileType = wrapper.application; includeInIndex = 0; path = Flixster1.app; sourceTree = BUILT_PRODUCTS_DIR; };
		69FBAFED29B97BE6004FFE4F /* AppDelegate.swift */ = {isa = PBXFileReference; lastKnownFileType = sourcecode.swift; path = AppDelegate.swift; sourceTree = "<group>"; };
		69FBAFEF29B97BE6004FFE4F /* SceneDelegate.swift */ = {isa = PBXFileReference; lastKnownFileType = sourcecode.swift; path = SceneDelegate.swift; sourceTree = "<group>"; };
		69FBAFF129B97BE6004FFE4F /* ViewController.swift */ = {isa = PBXFileReference; lastKnownFileType = sourcecode.swift; path = ViewController.swift; sourceTree = "<group>"; };
		69FBAFF429B97BE6004FFE4F /* Base */ = {isa = PBXFileReference; lastKnownFileType = file.storyboard; name = Base; path = Base.lproj/Main.storyboard; sourceTree = "<group>"; };
		69FBAFF629B97BE8004FFE4F /* Assets.xcassets */ = {isa = PBXFileReference; lastKnownFileType = folder.assetcatalog; path = Assets.xcassets; sourceTree = "<group>"; };
		69FBAFF929B97BE8004FFE4F /* Base */ = {isa = PBXFileReference; lastKnownFileType = file.storyboard; name = Base; path = Base.lproj/LaunchScreen.storyboard; sourceTree = "<group>"; };
		69FBAFFB29B97BE9004FFE4F /* Info.plist */ = {isa = PBXFileReference; lastKnownFileType = text.plist.xml; path = Info.plist; sourceTree = "<group>"; };
		69FBB00429B9805C004FFE4F /* Movie.swift */ = {isa = PBXFileReference; lastKnownFileType = sourcecode.swift; path = Movie.swift; sourceTree = "<group>"; };
		69FBB00629B980DD004FFE4F /* TracksViewController.swift */ = {isa = PBXFileReference; lastKnownFileType = sourcecode.swift; path = TracksViewController.swift; sourceTree = "<group>"; };
		69FBB00829B9813F004FFE4F /* MovieCell.swift */ = {isa = PBXFileReference; lastKnownFileType = sourcecode.swift; name = MovieCell.swift; path = Flixster1/MovieCell.swift; sourceTree = SOURCE_ROOT; };
		69FBB00A29B98209004FFE4F /* DetailViewController.swift */ = {isa = PBXFileReference; lastKnownFileType = sourcecode.swift; path = DetailViewController.swift; sourceTree = "<group>"; };
/* End PBXFileReference section */

/* Begin PBXFrameworksBuildPhase section */
		69FBAFE729B97BE6004FFE4F /* Frameworks */ = {
			isa = PBXFrameworksBuildPhase;
			buildActionMask = 2147483647;
			files = (
				6911CF4529B98BFD0025D3A3 /* Nuke in Frameworks */,
			);
			runOnlyForDeploymentPostprocessing = 0;
		};
/* End PBXFrameworksBuildPhase section */

/* Begin PBXGroup section */
		69FBAFE129B97BE6004FFE4F = {
			isa = PBXGroup;
			children = (
				69FBAFEC29B97BE6004FFE4F /* Flixster1 */,
				69FBAFEB29B97BE6004FFE4F /* Products */,
			);
			sourceTree = "<group>";
		};
		69FBAFEB29B97BE6004FFE4F /* Products */ = {
			isa = PBXGroup;
			children = (
				69FBAFEA29B97BE6004FFE4F /* Flixster1.app */,
			);
			name = Products;
			sourceTree = "<group>";
		};
		69FBAFEC29B97BE6004FFE4F /* Flixster1 */ = {
			isa = PBXGroup;
			children = (
				69FBB00829B9813F004FFE4F /* MovieCell.swift */,
				69FBB00329B98048004FFE4F /* Models */,
				69FBAFED29B97BE6004FFE4F /* AppDelegate.swift */,
				69FBAFEF29B97BE6004FFE4F /* SceneDelegate.swift */,
				69FBAFF129B97BE6004FFE4F /* ViewController.swift */,
				69FBAFF329B97BE6004FFE4F /* Main.storyboard */,
				69FBAFF629B97BE8004FFE4F /* Assets.xcassets */,
				69FBAFF829B97BE8004FFE4F /* LaunchScreen.storyboard */,
				69FBAFFB29B97BE9004FFE4F /* Info.plist */,
				69FBB00629B980DD004FFE4F /* TracksViewController.swift */,
				69FBB00A29B98209004FFE4F /* DetailViewController.swift */,
			);
			path = Flixster1;
			sourceTree = "<group>";
		};
		69FBB00329B98048004FFE4F /* Models */ = {
			isa = PBXGroup;
			children = (
				69FBB00429B9805C004FFE4F /* Movie.swift */,
			);
			path = Models;
			sourceTree = "<group>";
		};
/* End PBXGroup section */

/* Begin PBXNativeTarget section */
		69FBAFE929B97BE6004FFE4F /* Flixster1 */ = {
			isa = PBXNativeTarget;
			buildConfigurationList = 69FBAFFE29B97BE9004FFE4F /* Build configuration list for PBXNativeTarget "Flixster1" */;
			buildPhases = (
				69FBAFE629B97BE6004FFE4F /* Sources */,
				69FBAFE729B97BE6004FFE4F /* Frameworks */,
				69FBAFE829B97BE6004FFE4F /* Resources */,
			);
			buildRules = (
			);
			dependencies = (
			);
			name = Flixster1;
			packageProductDependencies = (
				6911CF4429B98BFD0025D3A3 /* Nuke */,
			);
			productName = Flixster1;
			productReference = 69FBAFEA29B97BE6004FFE4F /* Flixster1.app */;
			productType = "com.apple.product-type.application";
		};
/* End PBXNativeTarget section */

/* Begin PBXProject section */
		69FBAFE229B97BE6004FFE4F /* Project object */ = {
			isa = PBXProject;
			attributes = {
				BuildIndependentTargetsInParallel = 1;
				LastSwiftUpdateCheck = 1420;
				LastUpgradeCheck = 1420;
				TargetAttributes = {
					69FBAFE929B97BE6004FFE4F = {
						CreatedOnToolsVersion = 14.2;
					};
				};
			};
			buildConfigurationList = 69FBAFE529B97BE6004FFE4F /* Build configuration list for PBXProject "Flixster1" */;
			compatibilityVersion = "Xcode 14.0";
			developmentRegion = en;
			hasScannedForEncodings = 0;
			knownRegions = (
				en,
				Base,
			);
			mainGroup = 69FBAFE129B97BE6004FFE4F;
			packageReferences = (
				6911CF4329B98BFD0025D3A3 /* XCRemoteSwiftPackageReference "Nuke" */,
			);
			productRefGroup = 69FBAFEB29B97BE6004FFE4F /* Products */;
			projectDirPath = "";
			projectRoot = "";
			targets = (
				69FBAFE929B97BE6004FFE4F /* Flixster1 */,
			);
		};
/* End PBXProject section */

/* Begin PBXResourcesBuildPhase section */
		69FBAFE829B97BE6004FFE4F /* Resources */ = {
			isa = PBXResourcesBuildPhase;
			buildActionMask = 2147483647;
			files = (
				69FBAFFA29B97BE9004FFE4F /* LaunchScreen.storyboard in Resources */,
				69FBAFF729B97BE8004FFE4F /* Assets.xcassets in Resources */,
				69FBAFF529B97BE6004FFE4F /* Main.storyboard in Resources */,
			);
			runOnlyForDeploymentPostprocessing = 0;
		};
/* End PBXResourcesBuildPhase section */

/* Begin PBXSourcesBuildPhase section */
		69FBAFE629B97BE6004FFE4F /* Sources */ = {
			isa = PBXSourcesBuildPhase;
			buildActionMask = 2147483647;
			files = (
				69FBAFF229B97BE6004FFE4F /* ViewController.swift in Sources */,
				69FBAFEE29B97BE6004FFE4F /* AppDelegate.swift in Sources */,
				69FBB00929B9813F004FFE4F /* MovieCell.swift in Sources */,
				69FBB00529B9805C004FFE4F /* Movie.swift in Sources */,
				69FBAFF029B97BE6004FFE4F /* SceneDelegate.swift in Sources */,
				69FBB00729B980DD004FFE4F /* TracksViewController.swift in Sources */,
				69FBB00B29B98209004FFE4F /* DetailViewController.swift in Sources */,
			);
			runOnlyForDeploymentPostprocessing = 0;
		};
/* End PBXSourcesBuildPhase section */

/* Begin PBXVariantGroup section */
		69FBAFF329B97BE6004FFE4F /* Main.storyboard */ = {
			isa = PBXVariantGroup;
			children = (
				69FBAFF429B97BE6004FFE4F /* Base */,
			);
			name = Main.storyboard;
			sourceTree = "<group>";
		};
		69FBAFF829B97BE8004FFE4F /* LaunchScreen.storyboard */ = {
			isa = PBXVariantGroup;
			children = (
				69FBAFF929B97BE8004FFE4F /* Base */,
			);
			name = LaunchScreen.storyboard;
			sourceTree = "<group>";
		};
/* End PBXVariantGroup section */

/* Begin XCBuildConfiguration section */
		69FBAFFC29B97BE9004FFE4F /* Debug */ = {
			isa = XCBuildConfiguration;
			buildSettings = {
				ALWAYS_SEARCH_USER_PATHS = NO;
				CLANG_ANALYZER_NONNULL = YES;
				CLANG_ANALYZER_NUMBER_OBJECT_CONVERSION = YES_AGGRESSIVE;
				CLANG_CXX_LANGUAGE_STANDARD = "gnu++20";
				CLANG_ENABLE_MODULES = YES;
				CLANG_ENABLE_OBJC_ARC = YES;
				CLANG_ENABLE_OBJC_WEAK = YES;
				CLANG_WARN_BLOCK_CAPTURE_AUTORELEASING = YES;
				CLANG_WARN_BOOL_CONVERSION = YES;
				CLANG_WARN_COMMA = YES;
				CLANG_WARN_CONSTANT_CONVERSION = YES;
				CLANG_WARN_DEPRECATED_OBJC_IMPLEMENTATIONS = YES;
				CLANG_WARN_DIRECT_OBJC_ISA_USAGE = YES_ERROR;
				CLANG_WARN_DOCUMENTATION_COMMENTS = YES;
				CLANG_WARN_EMPTY_BODY = YES;
				CLANG_WARN_ENUM_CONVERSION = YES;
				CLANG_WARN_INFINITE_RECURSION = YES;
				CLANG_WARN_INT_CONVERSION = YES;
				CLANG_WARN_NON_LITERAL_NULL_CONVERSION = YES;
				CLANG_WARN_OBJC_IMPLICIT_RETAIN_SELF = YES;
				CLANG_WARN_OBJC_LITERAL_CONVERSION = YES;
				CLANG_WARN_OBJC_ROOT_CLASS = YES_ERROR;
				CLANG_WARN_QUOTED_INCLUDE_IN_FRAMEWORK_HEADER = YES;
				CLANG_WARN_RANGE_LOOP_ANALYSIS = YES;
				CLANG_WARN_STRICT_PROTOTYPES = YES;
				CLANG_WARN_SUSPICIOUS_MOVE = YES;
				CLANG_WARN_UNGUARDED_AVAILABILITY = YES_AGGRESSIVE;
				CLANG_WARN_UNREACHABLE_CODE = YES;
				CLANG_WARN__DUPLICATE_METHOD_MATCH = YES;
				COPY_PHASE_STRIP = NO;
				DEBUG_INFORMATION_FORMAT = dwarf;
				ENABLE_STRICT_OBJC_MSGSEND = YES;
				ENABLE_TESTABILITY = YES;
				GCC_C_LANGUAGE_STANDARD = gnu11;
				GCC_DYNAMIC_NO_PIC = NO;
				GCC_NO_COMMON_BLOCKS = YES;
				GCC_OPTIMIZATION_LEVEL = 0;
				GCC_PREPROCESSOR_DEFINITIONS = (
					"DEBUG=1",
					"$(inherited)",
				);
				GCC_WARN_64_TO_32_BIT_CONVERSION = YES;
				GCC_WARN_ABOUT_RETURN_TYPE = YES_ERROR;
				GCC_WARN_UNDECLARED_SELECTOR = YES;
				GCC_WARN_UNINITIALIZED_AUTOS = YES_AGGRESSIVE;
				GCC_WARN_UNUSED_FUNCTION = YES;
				GCC_WARN_UNUSED_VARIABLE = YES;
				IPHONEOS_DEPLOYMENT_TARGET = 16.2;
				MTL_ENABLE_DEBUG_INFO = INCLUDE_SOURCE;
				MTL_FAST_MATH = YES;
				ONLY_ACTIVE_ARCH = YES;
				SDKROOT = iphoneos;
				SWIFT_ACTIVE_COMPILATION_CONDITIONS = DEBUG;
				SWIFT_OPTIMIZATION_LEVEL = "-Onone";
			};
			name = Debug;
		};
		69FBAFFD29B97BE9004FFE4F /* Release */ = {
			isa = XCBuildConfiguration;
			buildSettings = {
				ALWAYS_SEARCH_USER_PATHS = NO;
				CLANG_ANALYZER_NONNULL = YES;
				CLANG_ANALYZER_NUMBER_OBJECT_CONVERSION = YES_AGGRESSIVE;
				CLANG_CXX_LANGUAGE_STANDARD = "gnu++20";
				CLANG_ENABLE_MODULES = YES;
				CLANG_ENABLE_OBJC_ARC = YES;
				CLANG_ENABLE_OBJC_WEAK = YES;
				CLANG_WARN_BLOCK_CAPTURE_AUTORELEASING = YES;
				CLANG_WARN_BOOL_CONVERSION = YES;
				CLANG_WARN_COMMA = YES;
				CLANG_WARN_CONSTANT_CONVERSION = YES;
				CLANG_WARN_DEPRECATED_OBJC_IMPLEMENTATIONS = YES;
				CLANG_WARN_DIRECT_OBJC_ISA_USAGE = YES_ERROR;
				CLANG_WARN_DOCUMENTATION_COMMENTS = YES;
				CLANG_WARN_EMPTY_BODY = YES;
				CLANG_WARN_ENUM_CONVERSION = YES;
				CLANG_WARN_INFINITE_RECURSION = YES;
				CLANG_WARN_INT_CONVERSION = YES;
				CLANG_WARN_NON_LITERAL_NULL_CONVERSION = YES;
				CLANG_WARN_OBJC_IMPLICIT_RETAIN_SELF = YES;
				CLANG_WARN_OBJC_LITERAL_CONVERSION = YES;
				CLANG_WARN_OBJC_ROOT_CLASS = YES_ERROR;
				CLANG_WARN_QUOTED_INCLUDE_IN_FRAMEWORK_HEADER = YES;
				CLANG_WARN_RANGE_LOOP_ANALYSIS = YES;
				CLANG_WARN_STRICT_PROTOTYPES = YES;
				CLANG_WARN_SUSPICIOUS_MOVE = YES;
				CLANG_WARN_UNGUARDED_AVAILABILITY = YES_AGGRESSIVE;
				CLANG_WARN_UNREACHABLE_CODE = YES;
				CLANG_WARN__DUPLICATE_METHOD_MATCH = YES;
				COPY_PHASE_STRIP = NO;
				DEBUG_INFORMATION_FORMAT = "dwarf-with-dsym";
				ENABLE_NS_ASSERTIONS = NO;
				ENABLE_STRICT_OBJC_MSGSEND = YES;
				GCC_C_LANGUAGE_STANDARD = gnu11;
				GCC_NO_COMMON_BLOCKS = YES;
				GCC_WARN_64_TO_32_BIT_CONVERSION = YES;
				GCC_WARN_ABOUT_RETURN_TYPE = YES_ERROR;
				GCC_WARN_UNDECLARED_SELECTOR = YES;
				GCC_WARN_UNINITIALIZED_AUTOS = YES_AGGRESSIVE;
				GCC_WARN_UNUSED_FUNCTION = YES;
				GCC_WARN_UNUSED_VARIABLE = YES;
				IPHONEOS_DEPLOYMENT_TARGET = 16.2;
				MTL_ENABLE_DEBUG_INFO = NO;
				MTL_FAST_MATH = YES;
				SDKROOT = iphoneos;
				SWIFT_COMPILATION_MODE = wholemodule;
				SWIFT_OPTIMIZATION_LEVEL = "-O";
				VALIDATE_PRODUCT = YES;
			};
			name = Release;
		};
		69FBAFFF29B97BE9004FFE4F /* Debug */ = {
			isa = XCBuildConfiguration;
			buildSettings = {
				ASSETCATALOG_COMPILER_APPICON_NAME = AppIcon;
				ASSETCATALOG_COMPILER_GLOBAL_ACCENT_COLOR_NAME = AccentColor;
				CODE_SIGN_STYLE = Automatic;
				CURRENT_PROJECT_VERSION = 1;
				GENERATE_INFOPLIST_FILE = YES;
				INFOPLIST_FILE = Flixster1/Info.plist;
				INFOPLIST_KEY_UIApplicationSupportsIndirectInputEvents = YES;
				INFOPLIST_KEY_UILaunchStoryboardName = LaunchScreen;
				INFOPLIST_KEY_UIMainStoryboardFile = Main;
				INFOPLIST_KEY_UISupportedInterfaceOrientations_iPad = "UIInterfaceOrientationPortrait UIInterfaceOrientationPortraitUpsideDown UIInterfaceOrientationLandscapeLeft UIInterfaceOrientationLandscapeRight";
				INFOPLIST_KEY_UISupportedInterfaceOrientations_iPhone = "UIInterfaceOrientationPortrait UIInterfaceOrientationLandscapeLeft UIInterfaceOrientationLandscapeRight";
				LD_RUNPATH_SEARCH_PATHS = (
					"$(inherited)",
					"@executable_path/Frameworks",
				);
				MARKETING_VERSION = 1.0;
				PRODUCT_BUNDLE_IDENTIFIER = Le.Flixster1;
				PRODUCT_NAME = "$(TARGET_NAME)";
				SWIFT_EMIT_LOC_STRINGS = YES;
				SWIFT_VERSION = 5.0;
				TARGETED_DEVICE_FAMILY = "1,2";
			};
			name = Debug;
		};
		69FBB00029B97BE9004FFE4F /* Release */ = {
			isa = XCBuildConfiguration;
			buildSettings = {
				ASSETCATALOG_COMPILER_APPICON_NAME = AppIcon;
				ASSETCATALOG_COMPILER_GLOBAL_ACCENT_COLOR_NAME = AccentColor;
				CODE_SIGN_STYLE = Automatic;
				CURRENT_PROJECT_VERSION = 1;
				GENERATE_INFOPLIST_FILE = YES;
				INFOPLIST_FILE = Flixster1/Info.plist;
				INFOPLIST_KEY_UIApplicationSupportsIndirectInputEvents = YES;
				INFOPLIST_KEY_UILaunchStoryboardName = LaunchScreen;
				INFOPLIST_KEY_UIMainStoryboardFile = Main;
				INFOPLIST_KEY_UISupportedInterfaceOrientations_iPad = "UIInterfaceOrientationPortrait UIInterfaceOrientationPortraitUpsideDown UIInterfaceOrientationLandscapeLeft UIInterfaceOrientationLandscapeRight";
				INFOPLIST_KEY_UISupportedInterfaceOrientations_iPhone = "UIInterfaceOrientationPortrait UIInterfaceOrientationLandscapeLeft UIInterfaceOrientationLandscapeRight";
				LD_RUNPATH_SEARCH_PATHS = (
					"$(inherited)",
					"@executable_path/Frameworks",
				);
				MARKETING_VERSION = 1.0;
				PRODUCT_BUNDLE_IDENTIFIER = Le.Flixster1;
				PRODUCT_NAME = "$(TARGET_NAME)";
				SWIFT_EMIT_LOC_STRINGS = YES;
				SWIFT_VERSION = 5.0;
				TARGETED_DEVICE_FAMILY = "1,2";
			};
			name = Release;
		};
/* End XCBuildConfiguration section */

/* Begin XCConfigurationList section */
		69FBAFE529B97BE6004FFE4F /* Build configuration list for PBXProject "Flixster1" */ = {
			isa = XCConfigurationList;
			buildConfigurations = (
				69FBAFFC29B97BE9004FFE4F /* Debug */,
				69FBAFFD29B97BE9004FFE4F /* Release */,
			);
			defaultConfigurationIsVisible = 0;
			defaultConfigurationName = Release;
		};
		69FBAFFE29B97BE9004FFE4F /* Build configuration list for PBXNativeTarget "Flixster1" */ = {
			isa = XCConfigurationList;
			buildConfigurations = (
				69FBAFFF29B97BE9004FFE4F /* Debug */,
				69FBB00029B97BE9004FFE4F /* Release */,
			);
			defaultConfigurationIsVisible = 0;
			defaultConfigurationName = Release;
		};
/* End XCConfigurationList section */

/* Begin XCRemoteSwiftPackageReference section */
		6911CF4329B98BFD0025D3A3 /* XCRemoteSwiftPackageReference "Nuke" */ = {
			isa = XCRemoteSwiftPackageReference;
			repositoryURL = "https://github.com/kean/Nuke";
			requirement = {
				kind = upToNextMajorVersion;
				minimumVersion = 9.0.0;
			};
		};
/* End XCRemoteSwiftPackageReference section */

/* Begin XCSwiftPackageProductDependency section */
		6911CF4429B98BFD0025D3A3 /* Nuke */ = {
			isa = XCSwiftPackageProductDependency;
			package = 6911CF4329B98BFD0025D3A3 /* XCRemoteSwiftPackageReference "Nuke" */;
			productName = Nuke;
		};
/* End XCSwiftPackageProductDependency section */
	};
	rootObject = 69FBAFE229B97BE6004FFE4F /* Project object */;
}
